{
  "version": 4,
  "terraform_version": "1.0.5",
  "serial": 17,
  "lineage": "48dcc633-e67e-8824-6d81-c377d9977e45",
  "outputs": {},
  "resources": [
    {
      "mode": "data",
      "type": "github_user",
      "name": "self",
      "provider": "provider[\"registry.terraform.io/integrations/github\"]",
      "instances": [
        {
          "schema_version": 0,
          "attributes": {
            "avatar_url": "https://avatars.githubusercontent.com/u/54891544?v=4",
            "bio": "",
            "blog": "",
            "company": "",
            "created_at": null,
            "email": "",
            "followers": 0,
            "following": 0,
            "gpg_keys": [],
            "gravatar_id": "",
            "id": "54891544",
            "location": "",
            "login": "ddomnicraj",
            "name": "",
            "node_id": "MDQ6VXNlcjU0ODkxNTQ0",
            "public_gists": 0,
            "public_repos": 19,
            "site_admin": false,
            "ssh_keys": [
              "ssh-rsa AAAAB3NzaC1yc2EAAAADAQABAAACAQCurY67HJy1t32yy4qAsSIqNn1OiKmgxYEQ3x4inMZqVvpHvOWz5dV+OPjRQ5Nlw0FK2xbFpq4owcPLqWoyopLJcu/NCz8rve1QsHTzm/H0pBbMWUWAzPmVHNX8FecR3Si//P3GxmB2rVfhQW8KMQxipPBOnNZ5gS9Ve+3pdu6cimUtLkVEltW6zbm7K9GRxxYLK00ysc9XcKs+6w6EAUO4DfG3xJLb6ovS63v2Hg1iOsZW1cQgtSSQ3iHrYXpCraIKKRRmTg+leHJSeZdA8nAedtU991Pb475YgNPXEHzSUXRiDLAbUacKq10NGtqXFtr+fGLkb/l3D8jRAiCq/hxt3zE9SHGbH0zAlmRURzE+fSQxq5Dsh9V6wMYuvCjPXVBi8z+2jrBdUp2TLrV/SE1Gb1QjK12wikvtnyo22XDuYzOEbmB5dUMiKN6z+Y1dgWqQ7VRFADkRDPQ6aBGtK1tPk7JaRkk8gAeXGT15pPFHMxmmnurh49UyzlvjpYM9O/VCmakVvGJMZuF9qYrSgIeGVquAmNzvOLvuWsl5oPjsaueMSdD/i2QVYwjwoGMEoGPifrIXlLpyEW0bhE2ifBstZ4MO6GymfI/D4o3qjQVmNIyUp/sSa/+ew0oAytX/P6oemY9uA8ww6nehNNORkhpUpks3mFESFP12vYjejxnCAw=="
            ],
            "updated_at": null,
            "username": "ddomnicraj"
          },
          "sensitive_attributes": []
        }
      ]
    },
    {
      "mode": "managed",
      "type": "github_membership",
      "name": "all",
      "provider": "provider[\"registry.terraform.io/integrations/github\"]",
      "instances": [
        {
          "index_key": "alex-tf-edu",
          "schema_version": 0,
          "attributes": {
            "etag": "W/\"0085a647ca48b0226f5481c3451e7627657387e325173323557ff4f4ceccea64\"",
            "id": "Domnic-Raj:alex-tf-edu",
            "role": "member",
            "username": "alex-tf-edu"
          },
          "sensitive_attributes": [],
          "private": "bnVsbA=="
        },
        {
          "index_key": "terraform-education1",
          "schema_version": 0,
          "attributes": {
            "etag": "W/\"85b9a239968ff5700b3edc38651228cd6e09e7e99e2699056890670c3906086a\"",
            "id": "Domnic-Raj:terraform-education1",
            "role": "member",
            "username": "terraform-education1"
          },
          "sensitive_attributes": [],
          "private": "bnVsbA=="
        }
      ]
    },
    {
      "mode": "managed",
      "type": "github_repository",
      "name": "application",
      "provider": "provider[\"registry.terraform.io/integrations/github\"]",
      "instances": [
        {
          "schema_version": 0,
          "attributes": {
            "allow_merge_commit": true,
            "allow_rebase_merge": true,
            "allow_squash_merge": true,
            "archive_on_destroy": null,
            "archived": false,
            "auto_init": null,
            "default_branch": "main",
            "delete_branch_on_merge": false,
            "description": "",
            "etag": "W/\"9a97201ade324c549cfa25aec6873a3a608f375a4aa2401aa773ef078917f47a\"",
            "full_name": "Domnic-Raj/learn-tf-application",
            "git_clone_url": "git://github.com/Domnic-Raj/learn-tf-application.git",
            "gitignore_template": null,
            "has_downloads": false,
            "has_issues": false,
            "has_projects": false,
            "has_wiki": false,
            "homepage_url": "",
            "html_url": "https://github.com/Domnic-Raj/learn-tf-application",
            "http_clone_url": "https://github.com/Domnic-Raj/learn-tf-application.git",
            "id": "learn-tf-application",
            "is_template": false,
            "license_template": null,
            "name": "learn-tf-application",
            "node_id": "R_kgDOLAWOhg",
            "pages": [],
            "private": false,
            "repo_id": 738561670,
            "ssh_clone_url": "git@github.com:Domnic-Raj/learn-tf-application.git",
            "svn_url": "https://github.com/Domnic-Raj/learn-tf-application",
            "template": [],
            "topics": null,
            "visibility": "public",
            "vulnerability_alerts": false
          },
          "sensitive_attributes": [],
          "private": "bnVsbA=="
        }
      ]
    },
    {
      "mode": "managed",
      "type": "github_repository",
      "name": "infrastructure",
      "provider": "provider[\"registry.terraform.io/integrations/github\"]",
      "instances": [
        {
          "schema_version": 0,
          "attributes": {
            "allow_merge_commit": true,
            "allow_rebase_merge": true,
            "allow_squash_merge": true,
            "archive_on_destroy": null,
            "archived": false,
            "auto_init": null,
            "default_branch": "main",
            "delete_branch_on_merge": false,
            "description": "",
            "etag": "W/\"11afe1eeec77d5ea336550fceb06b460486107a636e3f0528eb0ec55cf31d787\"",
            "full_name": "Domnic-Raj/learn-tf-infrastructure",
            "git_clone_url": "git://github.com/Domnic-Raj/learn-tf-infrastructure.git",
            "gitignore_template": null,
            "has_downloads": false,
            "has_issues": false,
            "has_projects": false,
            "has_wiki": false,
            "homepage_url": "",
            "html_url": "https://github.com/Domnic-Raj/learn-tf-infrastructure",
            "http_clone_url": "https://github.com/Domnic-Raj/learn-tf-infrastructure.git",
            "id": "learn-tf-infrastructure",
            "is_template": false,
            "license_template": null,
            "name": "learn-tf-infrastructure",
            "node_id": "R_kgDOLAWOeg",
            "pages": [],
            "private": false,
            "repo_id": 738561658,
            "ssh_clone_url": "git@github.com:Domnic-Raj/learn-tf-infrastructure.git",
            "svn_url": "https://github.com/Domnic-Raj/learn-tf-infrastructure",
            "template": [],
            "topics": null,
            "visibility": "public",
            "vulnerability_alerts": false
          },
          "sensitive_attributes": [],
          "private": "bnVsbA=="
        }
      ]
    },
    {
      "mode": "managed",
      "type": "github_team",
      "name": "all",
      "provider": "provider[\"registry.terraform.io/integrations/github\"]",
      "instances": [
        {
          "index_key": "DevOps Team",
          "schema_version": 0,
          "attributes": {
            "create_default_maintainer": true,
            "description": "DevOps",
            "etag": "W/\"4024545ab582cced87dc42c2f89543bd9075fc57a1d3f876d2fab41eb177f492\"",
            "id": "9223634",
            "ldap_dn": "",
            "members_count": 1,
            "name": "DevOps Team",
            "node_id": "T_kwDOCNjfdM4AjL3S",
            "parent_team_id": null,
            "privacy": "secret",
            "slug": "devops-team"
          },
          "sensitive_attributes": [],
          "private": "bnVsbA=="
        },
        {
          "index_key": "Developer Team",
          "schema_version": 0,
          "attributes": {
            "create_default_maintainer": true,
            "description": "Developer Team [Learn TF]",
            "etag": "W/\"12279af792e13e808ce98ce0d19f316304f564f0c87dcf743a3a756c291d1021\"",
            "id": "9223521",
            "ldap_dn": "",
            "members_count": 1,
            "name": "Developer Team",
            "node_id": "T_kwDOCNjfdM4AjL1h",
            "parent_team_id": null,
            "privacy": "closed",
            "slug": "developer-team"
          },
          "sensitive_attributes": [],
          "private": "bnVsbA=="
        },
        {
          "index_key": "Security Team",
          "schema_version": 0,
          "attributes": {
            "create_default_maintainer": true,
            "description": "Security Team [Learn TF]",
            "etag": "W/\"4db77bb13bf30b228c1073ae8ece58d2aca17a78100fe1c92b91517cfb4cc474\"",
            "id": "9223520",
            "ldap_dn": "",
            "members_count": 1,
            "name": "Security Team",
            "node_id": "T_kwDOCNjfdM4AjL1g",
            "parent_team_id": null,
            "privacy": "closed",
            "slug": "security-team"
          },
          "sensitive_attributes": [],
          "private": "bnVsbA=="
        }
      ]
    },
    {
      "mode": "managed",
      "type": "github_team_membership",
      "name": "members",
      "provider": "provider[\"registry.terraform.io/integrations/github\"]",
      "instances": [
        {
          "index_key": "developer-team-terraform-education1",
          "schema_version": 0,
          "attributes": {
            "etag": "W/\"65d18155493d3f4dd442a9190e59a75ec5759c0a8c633752d0e73bc70c7c6da1\"",
            "id": "9223521:terraform-education1",
            "role": "member",
            "team_id": "9223521",
            "username": "terraform-education1"
          },
          "sensitive_attributes": [],
          "private": "bnVsbA==",
          "dependencies": [
            "github_team.all"
          ]
        },
        {
          "index_key": "security-team-alex-tf-edu",
          "schema_version": 0,
          "attributes": {
            "etag": "W/\"86ca534d65344480cc74f2f94ffcd3f0f3bc5608f63d98e1c6d0c90ae6ece7d9\"",
            "id": "9223520:alex-tf-edu",
            "role": "member",
            "team_id": "9223520",
            "username": "alex-tf-edu"
          },
          "sensitive_attributes": [],
          "private": "bnVsbA==",
          "dependencies": [
            "github_team.all"
          ]
        }
      ]
    },
    {
      "mode": "managed",
      "type": "github_team_repository",
      "name": "application",
      "provider": "provider[\"registry.terraform.io/integrations/github\"]",
      "instances": [
        {
          "index_key": "Developer Team",
          "schema_version": 0,
          "attributes": {
            "etag": "W/\"89bb12471761aa595f900f5a2179581f38b79a71f050f96cf23d7af36b0dc97d\"",
            "id": "9223521:learn-tf-application",
            "permission": "push",
            "repository": "learn-tf-application",
            "team_id": "9223521"
          },
          "sensitive_attributes": [],
          "private": "bnVsbA==",
          "dependencies": [
            "github_repository.application",
            "github_team.all"
          ]
        },
        {
          "index_key": "Security Team",
          "schema_version": 0,
          "attributes": {
            "etag": "W/\"bb49f0e158a721cf80a80055e88b760bb998aaf0e413736b17340abeab21929f\"",
            "id": "9223520:learn-tf-application",
            "permission": "maintain",
            "repository": "learn-tf-application",
            "team_id": "9223520"
          },
          "sensitive_attributes": [],
          "private": "bnVsbA==",
          "dependencies": [
            "github_repository.application",
            "github_team.all"
          ]
        }
      ]
    },
    {
      "mode": "managed",
      "type": "github_team_repository",
      "name": "infrastructure",
      "provider": "provider[\"registry.terraform.io/integrations/github\"]",
      "instances": [
        {
          "index_key": "Developer Team",
          "schema_version": 0,
          "attributes": {
            "etag": "W/\"4fc162d3d7af54786b6049290f5db869d204663cd18eaacba16a9482e1efa058\"",
            "id": "9223521:learn-tf-infrastructure",
            "permission": "pull",
            "repository": "learn-tf-infrastructure",
            "team_id": "9223521"
          },
          "sensitive_attributes": [],
          "private": "bnVsbA==",
          "dependencies": [
            "github_repository.infrastructure",
            "github_team.all"
          ]
        },
        {
          "index_key": "Security Team",
          "schema_version": 0,
          "attributes": {
            "etag": "W/\"28e93086900aefb334092bcc43e40e0ba286b11084e19884cc7039d62da6da25\"",
            "id": "9223520:learn-tf-infrastructure",
            "permission": "maintain",
            "repository": "learn-tf-infrastructure",
            "team_id": "9223520"
          },
          "sensitive_attributes": [],
          "private": "bnVsbA==",
          "dependencies": [
            "github_repository.infrastructure",
            "github_team.all"
          ]
        }
      ]
    }
  ]
}
